github.com/32bitkid/bitreader v0.0.0-20180710164922-66b707e0f706 h1:kaeJjKUVtEiF0+EjX9q0XPyhX6VmFJRagHU07Noxjzo=
github.com/32bitkid/bitreader v0.0.0-20180710164922-66b707e0f706/go.mod h1:/f3zY7lVofN23ZcM80fEiNJXjOZrPxRrsa6mLLleEKg=
github.com/PuerkitoBio/goquery v1.5.0 h1:uGvmFXOA73IKluu/F84Xd1tt/z07GYm8X49XKHP7EJk=
github.com/PuerkitoBio/goquery v1.5.0/go.mod h1:qD2PgZ9lccMbQlc7eEOjaeRlFQON7xY8kdmcsrnKqMg=
github.com/RangelReale/swfinfo v0.0.0-20180612120335-24bc2c8ef835 h1:vhlQZK53Y1p5NmjO9FYqY9laYXZgDx5QmS8zV7AuXgY=
github.com/RangelReale/swfinfo v0.0.0-20180612120335-24bc2c8ef835/go.mod h1:kh32rkqHW5q6gpiuzSiTNZmPMy1rk6FgTp0VRNyGovI=
github.com/andybalholm/cascadia v1.0.0 h1:hOCXnnZ5A+3eVDX8pvgl4kofXv2ELss0bKcqRySc45o=
github.com/andybalholm/cascadia v1.0.0/go.mod h1:GsXiBklL0woXo1j/WYWtSYYC4ouU9PqHO0sqidkEA4Y=
github.com/antchfx/htmlquery v0.0.0-20181228060131-db5c1236cbb4 h1:BTaaUJk9rPlRPuQ91lRhckgc9LdLBfoN8AMeW/9SOBw=
github.com/antchfx/htmlquery v0.0.0-20181228060131-db5c1236cbb4/go.mod h1:MS9yksVSQXls00iXkiMqXr0J+umL/AmxXKuP28SUJM8=
github.com/antchfx/xmlquery v0.0.0-20181223105952-355641961c92 h1:4EgP6xLAdrD/TRlbSw4n2W6h68K2P3+R7lKqFoL5U9Q=
github.com/antchfx/xmlquery v0.0.0-20181223105952-355641961c92/go.mod h1:/+CnyD/DzHRnv2eRxrVbieRU/FIF6N0C+7oTtyUtCKk=
github.com/antchfx/xpath v0.0.0-20181208024549-4bbdf6db12aa h1:lL66YnJWy1tHlhjSx8fXnpgmv8kQVYnI4ilbYpNB6Zs=
github.com/antchfx/xpath v0.0.0-20181208024549-4bbdf6db12aa/go.mod h1:Yee4kTMuNiPYJ7nSNorELQMr1J33uOpXDMByNYhvtNk=
github.com/asaskevich/EventBus v0.0.0-20180315140547-d46933a94f05 h1:Shem5lRG4gJyrrg9YMIl7dOQazyWCq0Daz4LjompZ28=
github.com/asaskevich/EventBus v0.0.0-20180315140547-d46933a94f05/go.mod h1:JS7hed4L1fj0hXcyEejnW57/7LCetXggd+vwrRnYeII=
github.com/davecgh/go-spew v1.1.1 h1:vj9j/u1bqnvCEfJOwUhtlOARqs3+rkHYY13jYWTU97c=
github.com/davecgh/go-spew v1.1.1/go.mod h1:J7Y8YcW2NihsgmVo/mv3lAwl/skON4iLHjSsI+c5H38=
github.com/dhowden/tag v0.0.0-20181104225729-a9f04c2798ca h1:EsPh1VImRZ6OOhWtz/zzwTjxVQKcKIiqS5tYNdx2eCg=
github.com/dhowden/tag v0.0.0-20181104225729-a9f04c2798ca/go.mod h1:SniNVYuaD1jmdEEvi+7ywb1QFR7agjeTdGKyFb0p7Rw=
github.com/fatih/color v1.7.0 h1:DkWD4oS2D8LGGgTQ6IvwJJXSL5Vp2ffcQg58nFV38Ys=
github.com/fatih/color v1.7.0/go.mod h1:Zm6kSWBoL9eyXnKyktHP6abPY2pDugNf5KwzbycvMj4=
github.com/gehaxelt/ds_store v0.0.0-20160410173536-89310cee0104 h1:CWrm2Yv3qH+ERRb/iHIRldu6jfKIGI51nBlR1oYF+t8=
github.com/gehaxelt/ds_store v0.0.0-20160410173536-89310cee0104/go.mod h1:iPCmcm7/tQJc127INL5EEEMamPzc6HaACoIh3yclQR4=
github.com/gobwas/glob v0.2.3 h1:A4xDbljILXROh+kObIiy5kIaPYD8e96x1tgBhUI5J+Y=
github.com/gobwas/glob v0.2.3/go.mod h1:d3Ez4x06l9bZtSvzIay5+Yzi0fmZzPgnTbPcKjJAkT8=
github.com/gocolly/colly v1.1.0 h1:B1M8NzjFpuhagut8f2ILUDlWMag+nTx+PWEmPy7RhrE=
github.com/gocolly/colly v1.1.0/go.mod h1:Hof5T3ZswNVsOHYmba1u03W65HDWgpV5HifSuueE0EA=
github.com/golang/protobuf v1.2.0 h1:P3YflyNX/ehuJFLhxviNdFxQPkGK5cDcApsge1SqnvM=
github.com/golang/protobuf v1.2.0/go.mod h1:6lQm79b+lXiMfvg/cZm0SGofjICqVBUtrP5yJMmIC1U=
github.com/h2non/filetype v1.0.6 h1:g84/+gdkAT1hnYO+tHpCLoikm13Ju55OkN4KCb1uGEQ=
github.com/h2non/filetype v1.0.6/go.mod h1:isekKqOuhMj+s/7r3rIeTErIRy4Rub5uBWHfvMusLMU=
github.com/kennygrant/sanitize v1.2.4 h1:gN25/otpP5vAsO2djbMhF/LQX6R7+O1TB4yv8NzpJ3o=
github.com/kennygrant/sanitize v1.2.4/go.mod h1:LGsjYYtgxbetdg5owWB2mpgUL6e2nfw2eObZ0u0qvak=
github.com/kevinborras/metagoffice v1.0.0 h1:COCoMk8wDJWWjw3K3E1wvpxIs7FLRqsYD7aWHA6QTA4=
github.com/kevinborras/metagoffice v1.0.0/go.mod h1:Tq5NCJ9B+Qr4DAdQz7+Y6pmbWcWVei1wm5trNZ3KBR0=
github.com/kevinborras/metagopenoffice v0.0.0-20190130115525-5f50564a872b h1:ldGH+SWEQkePEWj3WlvWaC0taGXeNPnSgGTSCKg1M0k=
github.com/kevinborras/metagopenoffice v0.0.0-20190130115525-5f50564a872b/go.mod h1:TX8Q24xepQtWZsJZ/riwKBRp0PpCBtoRlj6Aax4l5NE=
github.com/konsorten/go-windows-terminal-sequences v1.0.1 h1:mweAR1A6xJ3oS2pRaGiHgQ4OO8tzTaLawm8vnODuwDk=
github.com/konsorten/go-windows-terminal-sequences v1.0.1/go.mod h1:T0+1ngSBFLxvqU3pZ+m/2kptfBszLMUkC4ZK/EgS/cQ=
github.com/mattn/go-colorable v0.0.9 h1:UVL0vNpWh04HeJXV0KLcaT7r06gOH2l4OW6ddYRUIY4=
github.com/mattn/go-colorable v0.0.9/go.mod h1:9vuHe8Xs5qXnSaW/c/ABM9alt+Vo+STaOChaDxuIBZU=
github.com/mattn/go-isatty v0.0.4 h1:bnP0vzxcAdeI1zdubAl5PjU6zsERjGZb7raWodagDYs=
github.com/mattn/go-isatty v0.0.4/go.mod h1:M+lRXTBqGeGNdLjl/ufCoiOlB5xdOkqRJdNxMWT7Zi4=
github.com/mattn/go-runewidth v0.0.4 h1:2BvfKmzob6Bmd4YsL0zygOqfdFnK7GR4QL06Do4/p7Y=
github.com/mattn/go-runewidth v0.0.4/go.mod h1:LwmH8dsx7+W8Uxz3IHJYH5QSwggIsqBzpuz5H//U1FU=
github.com/nsf/termbox-go v0.0.0-20190325093121-288510b9734e h1:Vbib8wJAaMEF9jusI/kMSYMr/LtRzM7+F9MJgt/nH8k=
github.com/nsf/termbox-go v0.0.0-20190325093121-288510b9734e/go.mod h1:IuKpRQcYE1Tfu+oAQqaLisqDeXgjyyltCfsaoYN18NQ=
github.com/nwidger/jsoncolor v0.0.0-20170215171346-75a6de4340e5 h1:d+C3xJdxZT7wNlxqEwbXn3R355CwAhYBL9raVNfSnK0=
github.com/nwidger/jsoncolor v0.0.0-20170215171346-75a6de4340e5/go.mod h1:GYFm0zZgTNeoK1QxuIofRDasy2ibmaJZhZLzwsMXUF4=
github.com/pmezard/go-difflib v1.0.0 h1:4DBwDE0NGyQoBHbLQYPwSUPoCMWR5BEzIk/f1lZbAQM=
github.com/pmezard/go-difflib v1.0.0/go.mod h1:iKH77koFhYxTK1pcRnkKkqfTogsbg7gZNVY4sRDYZ/4=
github.com/saintfish/chardet v0.0.0-20120816061221-3af4cd4741ca h1:NugYot0LIVPxTvN8n+Kvkn6TrbMyxQiuvKdEwFdR9vI=
github.com/saintfish/chardet v0.0.0-20120816061221-3af4cd4741ca/go.mod h1:uugorj2VCxiV1x+LzaIdVa9b4S4qGAcH6cbhh4qVxOU=
github.com/sirupsen/logrus v1.3.0 h1:hI/7Q+DtNZ2kINb6qt/lS+IyXnHQe9e90POfeewL/ME=
github.com/sirupsen/logrus v1.3.0/go.mod h1:LxeOpSwHxABJmUn/MG1IvRgCAasNZTLOkJPxbbu5VWo=
github.com/smira/lzma v0.0.0-20160124201817-7f0af6269940 h1:z3NJMtzxmGxEs+RUxFpp3jxuFzeG2ihp6jZ0FZi75Wc=
github.com/smira/lzma v0.0.0-20160124201817-7f0af6269940/go.mod h1:zmVvOLLLFrvqaEvoz1i14UoaNPVg8ge70IA/NblPfw8=
github.com/stretchr/objx v0.1.1/go.mod h1:HFkY916IF+rwdDfMAkV7OtwuqBVzrE8GR6GFx+wExME=
github.com/stretchr/testify v1.2.2 h1:bSDNvY7ZPG5RlJ8otE/7V6gMiyenm9RtJ7IUVIAoJ1w=
github.com/stretchr/testify v1.2.2/go.mod h1:a8OnRcib4nhh0OaRAV+Yts87kKdq0PP7pXfy6kDkUVs=
github.com/temoto/robotstxt v0.0.0-20180810133444-97ee4a9ee6ea h1:hH8P1IiDpzRU6ZDbDh/RDnVuezi2oOXJpApa06M0zyI=
github.com/temoto/robotstxt v0.0.0-20180810133444-97ee4a9ee6ea/go.mod h1:aOux3gHPCftJ3KHq6Pz/AlDjYJ7Y+yKfm1gU/3B0u04=
github.com/timshannon/bolthold v0.0.0-20190315152903-eed35b755671 h1:9Gto1/QATFGggnnonRqCCuDKMu4pWxmNtLPZmt6Wyfg=
github.com/timshannon/bolthold v0.0.0-20190315152903-eed35b755671/go.mod h1:jUigdmrbdCxcIDEFrq82t4X9805XZfwFZoYUap0ET/U=
github.com/tkrajina/gpxgo v1.0.0 h1:gg7O1KHOnlmvCn7Xo5b3leSd9yAUJhlaKiHVgF55Qvs=
github.com/tkrajina/gpxgo v1.0.0/go.mod h1:hsBsIBkzEjyYpLUmDeCBb1+x+Dj3vCD0mYL3562UV2Y=
go.etcd.io/bbolt v1.3.2 h1:Z/90sZLPOeCy2PwprqkFa25PdkusRzaj9P8zm/KNyvk=
go.etcd.io/bbolt v1.3.2/go.mod h1:IbVyRI1SCnLcuJnV2u8VeU0CEYM7e686BmAb1XKL+uU=
go.mongodb.org/mongo-driver v1.0.0 h1:KxPRDyfB2xXnDE2My8acoOWBQkfv3tz0SaWTRZjJR0c=
go.mongodb.org/mongo-driver v1.0.0/go.mod h1:u7ryQJ+DOzQmeO7zB6MHyr8jkEQvC8vH7qLUO4lqsUM=
golang.org/x/crypto v0.0.0-20180904163835-0709b304e793 h1:u+LnwYTOOW7Ukr/fppxEb1Nwz0AtPflrblfvUudpo+I=
golang.org/x/crypto v0.0.0-20180904163835-0709b304e793/go.mod h1:6SG95UA2DQfeDnfUPMdvaQW0Q7yPrPDi9nlGo2tz2b4=
golang.org/x/crypto v0.0.0-20190308221718-c2843e01d9a2 h1:VklqNMn3ovrHsnt90PveolxSbWFaJdECFbxSq0Mqo2M=
golang.org/x/crypto v0.0.0-20190308221718-c2843e01d9a2/go.mod h1:djNgcEr1/C05ACkg1iLfiJU5Ep61QUkGW8qpdssI0+w=
golang.org/x/net v0.0.0-20180218175443-cbe0f9307d01/go.mod h1:mL1N/T3taQHkDXs73rZJwtUhF3w3ftmwwsq0BUmARs4=
golang.org/x/net v0.0.0-20180724234803-3673e40ba225/go.mod h1:mL1N/T3taQHkDXs73rZJwtUhF3w3ftmwwsq0BUmARs4=
golang.org/x/net v0.0.0-20181114220301-adae6a3d119a/go.mod h1:mL1N/T3taQHkDXs73rZJwtUhF3w3ftmwwsq0BUmARs4=
golang.org/x/net v0.0.0-20190311183353-d8887717615a h1:oWX7TPOiFAMXLq8o0ikBYfCJVlRHBcsciT5bXOrH628=
golang.org/x/net v0.0.0-20190311183353-d8887717615a/go.mod h1:t9HGtf8HONx5eT2rtn7q6eTqICYqUVnKs3thJo3Qplg=
golang.org/x/sync v0.0.0-20181221193216-37e7f081c4d4 h1:YUO/7uOKsKeq9UokNS62b8FYywz3ker1l1vDZRCRefw=
golang.org/x/sync v0.0.0-20181221193216-37e7f081c4d4/go.mod h1:RxMgew5VJxzue5/jJTE5uejpjVlOe/izrB70Jof72aM=
golang.org/x/sys v0.0.0-20180905080454-ebe1bf3edb33 h1:I6FyU15t786LL7oL/hn43zqTuEGr4PN7F4XJ1p4E3Y8=
golang.org/x/sys v0.0.0-20180905080454-ebe1bf3edb33/go.mod h1:STP8DvDyc/dI5b8T5hshtkjS+E42TnysNCUPdjciGhY=
golang.org/x/sys v0.0.0-20190215142949-d0b11bdaac8a h1:1BGLXjeY4akVXGgbC9HugT3Jv3hCI0z56oJR5vAMgBU=
golang.org/x/sys v0.0.0-20190215142949-d0b11bdaac8a/go.mod h1:STP8DvDyc/dI5b8T5hshtkjS+E42TnysNCUPdjciGhY=
golang.org/x/text v0.3.0 h1:g61tztE5qeGQ89tm6NTjjM9VPIm088od1l6aSorWRWg=
golang.org/x/text v0.3.0/go.mod h1:NqM8EUOU14njkJ3fqMW+pc6Ldnwhi/IjpwHt7yyuwOQ=
google.golang.org/appengine v1.4.0 h1:/wp5JvzpHIxhs/dumFmF7BXTf3Z+dd4uXta4kVyO508=
google.golang.org/appengine v1.4.0/go.mod h1:xpcJRLb0r/rnEns0DIKYYv+WjYCduHsrkT7/EB5XEv4=
trimmer.io/go-xmp v0.0.0-20181216222714-4f6a2fb384a3 h1:Eoi62HBpULakI5UOxj198gFRK4J4GFNEVekzHY4eKGs=
trimmer.io/go-xmp v0.0.0-20181216222714-4f6a2fb384a3/go.mod h1:SMaHrR8/c7YtKZ2zt8r9n93tJjQQOGAagAewi9axCj4=
